
Microsoft Visual Studio Solution File, Format Version 12.00
# Visual Studio 15
VisualStudioVersion = 15.0.28307.271
MinimumVisualStudioVersion = 10.0.40219.1
Project("{FAE04EC0-301F-11D3-BF4B-00C04F79EFBC}") = "Chat", "Chat\Chat.csproj", "{BF8E5570-BEE0-406E-A3CD-6E621FD56267}"
EndProject
Project("{FAE04EC0-301F-11D3-BF4B-00C04F79EFBC}") = "ChatClient", "ChatClient\ChatClient.csproj", "{78977681-16B4-459C-A650-A46E72C81262}"
EndProject
Project("{FAE04EC0-301F-11D3-BF4B-00C04F79EFBC}") = "Common", "Common\Common.csproj", "{1677528D-A651-4793-B293-6B37F1891714}"
EndProject
Global
	GlobalSection(SolutionConfigurationPlatforms) = preSolution
		Debug|Any CPU = Debug|Any CPU
		Release|Any CPU = Release|Any CPU
	EndGlobalSection
	GlobalSection(ProjectConfigurationPlatforms) = postSolution
		{BF8E5570-BEE0-406E-A3CD-6E621FD56267}.Debug|Any CPU.ActiveCfg = Debug|Any CPU
		{BF8E5570-BEE0-406E-A3CD-6E621FD56267}.Debug|Any CPU.Build.0 = Debug|Any CPU
		{BF8E5570-BEE0-406E-A3CD-6E621FD56267}.Release|Any CPU.ActiveCfg = Release|Any CPU
		{BF8E5570-BEE0-406E-A3CD-6E621FD56267}.Release|Any CPU.Build.0 = Release|Any CPU
		{78977681-16B4-459C-A650-A46E72C81262}.Debug|Any CPU.ActiveCfg = Debug|Any CPU
		{78977681-16B4-459C-A650-A46E72C81262}.Debug|Any CPU.Build.0 = Debug|Any CPU
		{78977681-16B4-459C-A650-A46E72C81262}.Release|Any CPU.ActiveCfg = Release|Any CPU
		{78977681-16B4-459C-A650-A46E72C81262}.Release|Any CPU.Build.0 = Release|Any CPU
		{1677528D-A651-4793-B293-6B37F1891714}.Debug|Any CPU.ActiveCfg = Debug|Any CPU
		{1677528D-A651-4793-B293-6B37F1891714}.Debug|Any CPU.Build.0 = Debug|Any CPU
		{1677528D-A651-4793-B293-6B37F1891714}.Release|Any CPU.ActiveCfg = Release|Any CPU
		{1677528D-A651-4793-B293-6B37F1891714}.Release|Any CPU.Build.0 = Release|Any CPU
	EndGlobalSection
	GlobalSection(SolutionProperties) = preSolution
		HideSolutionNode = FALSE
	EndGlobalSection
	GlobalSection(ExtensibilityGlobals) = postSolution
		SolutionGuid = {39CF38D7-0E1F-4267-B05A-A29134441B8E}
	EndGlobalSection
EndGlobal
